
Microsoft Visual Studio Solution File, Format Version 12.00
# Visual Studio 15
Project("{FAE04EC0-301F-11D3-BF4B-00C04F79EFBC}") = "MonoDevelop.LogMonitor", "MonoDevelop.LogMonitor\MonoDevelop.LogMonitor.csproj", "{A923EA00-B793-4532-9516-513A6E778B0B}"
EndProject
Global
	GlobalSection(SolutionConfigurationPlatforms) = preSolution
		Debug|Any CPU = Debug|Any CPU
		Release|Any CPU = Release|Any CPU
	EndGlobalSection
	GlobalSection(ProjectConfigurationPlatforms) = postSolution
		{A923EA00-B793-4532-9516-513A6E778B0B}.Debug|Any CPU.ActiveCfg = Debug|Any CPU
		{A923EA00-B793-4532-9516-513A6E778B0B}.Debug|Any CPU.Build.0 = Debug|Any CPU
		{A923EA00-B793-4532-9516-513A6E778B0B}.Release|Any CPU.ActiveCfg = Release|Any CPU
		{A923EA00-B793-4532-9516-513A6E778B0B}.Release|Any CPU.Build.0 = Release|Any CPU
	EndGlobalSection
EndGlobal
